// !$*UTF8*$!
{
	archiveVersion = 1;
	classes = {
	};
	objectVersion = 46;
	objects = {

/* Begin PBXBuildFile section */
		CF11414E1D37C8C500996BE0 /* AppDelegate.swift in Sources */ = {isa = PBXBuildFile; fileRef = CF11414D1D37C8C500996BE0 /* AppDelegate.swift */; };
		CF1141501D37C8C500996BE0 /* ViewController.swift in Sources */ = {isa = PBXBuildFile; fileRef = CF11414F1D37C8C500996BE0 /* ViewController.swift */; };
		CF1141531D37C8C500996BE0 /* Main.storyboard in Resources */ = {isa = PBXBuildFile; fileRef = CF1141511D37C8C500996BE0 /* Main.storyboard */; };
		CF1141551D37C8C500996BE0 /* Assets.xcassets in Resources */ = {isa = PBXBuildFile; fileRef = CF1141541D37C8C500996BE0 /* Assets.xcassets */; };
		CF1141581D37C8C500996BE0 /* LaunchScreen.storyboard in Resources */ = {isa = PBXBuildFile; fileRef = CF1141561D37C8C500996BE0 /* LaunchScreen.storyboard */; };
		CF1141631D37C8C500996BE0 /* XCODE10TestTests.swift in Sources */ = {isa = PBXBuildFile; fileRef = CF1141621D37C8C500996BE0 /* XCODE10TestTests.swift */; };
		CF1141881D37E6A600996BE0 /* London Locations in Resources */ = {isa = PBXBuildFile; fileRef = CF1141871D37E6A600996BE0 /* London Locations */; };
/* End PBXBuildFile section */

/* Begin PBXContainerItemProxy section */
		CF11415F1D37C8C500996BE0 /* PBXContainerItemProxy */ = {
			isa = PBXContainerItemProxy;
			containerPortal = CF1141421D37C8C500996BE0 /* Project object */;
			proxyType = 1;
			remoteGlobalIDString = CF1141491D37C8C500996BE0;
			remoteInfo = XCODE10Test;
		};
/* End PBXContainerItemProxy section */

/* Begin PBXFileReference section */
		CF11414A1D37C8C500996BE0 /* XCODE10Test.app */ = {isa = PBXFileReference; explicitFileType = wrapper.application; includeInIndex = 0; path = XCODE10Test.app; sourceTree = BUILT_PRODUCTS_DIR; };
		CF11414D1D37C8C500996BE0 /* AppDelegate.swift */ = {isa = PBXFileReference; lastKnownFileType = sourcecode.swift; path = AppDelegate.swift; sourceTree = "<group>"; };
		CF11414F1D37C8C500996BE0 /* ViewController.swift */ = {isa = PBXFileReference; lastKnownFileType = sourcecode.swift; path = ViewController.swift; sourceTree = "<group>"; };
		CF1141521D37C8C500996BE0 /* Base */ = {isa = PBXFileReference; lastKnownFileType = file.storyboard; name = Base; path = Base.lproj/Main.storyboard; sourceTree = "<group>"; };
		CF1141541D37C8C500996BE0 /* Assets.xcassets */ = {isa = PBXFileReference; lastKnownFileType = folder.assetcatalog; path = Assets.xcassets; sourceTree = "<group>"; };
		CF1141571D37C8C500996BE0 /* Base */ = {isa = PBXFileReference; lastKnownFileType = file.storyboard; name = Base; path = Base.lproj/LaunchScreen.storyboard; sourceTree = "<group>"; };
		CF1141591D37C8C500996BE0 /* Info.plist */ = {isa = PBXFileReference; lastKnownFileType = text.plist.xml; path = Info.plist; sourceTree = "<group>"; };
		CF11415E1D37C8C500996BE0 /* XCODE10TestTests.xctest */ = {isa = PBXFileReference; explicitFileType = wrapper.cfbundle; includeInIndex = 0; path = XCODE10TestTests.xctest; sourceTree = BUILT_PRODUCTS_DIR; };
		CF1141621D37C8C500996BE0 /* XCODE10TestTests.swift */ = {isa = PBXFileReference; lastKnownFileType = sourcecode.swift; path = XCODE10TestTests.swift; sourceTree = "<group>"; };
		CF1141641D37C8C500996BE0 /* Info.plist */ = {isa = PBXFileReference; lastKnownFileType = text.plist.xml; path = Info.plist; sourceTree = "<group>"; };
		CF1141871D37E6A600996BE0 /* London Locations */ = {isa = PBXFileReference; lastKnownFileType = folder; path = "London Locations"; sourceTree = "<group>"; };
/* End PBXFileReference section */

/* Begin PBXFrameworksBuildPhase section */
		CF1141471D37C8C500996BE0 /* Frameworks */ = {
			isa = PBXFrameworksBuildPhase;
			buildActionMask = 2147483647;
			files = (
			);
			runOnlyForDeploymentPostprocessing = 0;
		};
		CF11415B1D37C8C500996BE0 /* Frameworks */ = {
			isa = PBXFrameworksBuildPhase;
			buildActionMask = 2147483647;
			files = (
			);
			runOnlyForDeploymentPostprocessing = 0;
		};
/* End PBXFrameworksBuildPhase section */

/* Begin PBXGroup section */
		CF1141411D37C8C500996BE0 = {
			isa = PBXGroup;
			children = (
				CF11414C1D37C8C500996BE0 /* XCODE10Test */,
				CF1141611D37C8C500996BE0 /* XCODE10TestTests */,
				CF11414B1D37C8C500996BE0 /* Products */,
			);
			sourceTree = "<group>";
		};
		CF11414B1D37C8C500996BE0 /* Products */ = {
			isa = PBXGroup;
			children = (
				CF11414A1D37C8C500996BE0 /* XCODE10Test.app */,
				CF11415E1D37C8C500996BE0 /* XCODE10TestTests.xctest */,
			);
			name = Products;
			sourceTree = "<group>";
		};
		CF11414C1D37C8C500996BE0 /* XCODE10Test */ = {
			isa = PBXGroup;
			children = (
				CF1141871D37E6A600996BE0 /* London Locations */,
				CF11414D1D37C8C500996BE0 /* AppDelegate.swift */,
				CF11414F1D37C8C500996BE0 /* ViewController.swift */,
				CF1141511D37C8C500996BE0 /* Main.storyboard */,
				CF1141541D37C8C500996BE0 /* Assets.xcassets */,
				CF1141561D37C8C500996BE0 /* LaunchScreen.storyboard */,
				CF1141591D37C8C500996BE0 /* Info.plist */,
			);
			path = XCODE10Test;
			sourceTree = "<group>";
		};
		CF1141611D37C8C500996BE0 /* XCODE10TestTests */ = {
			isa = PBXGroup;
			children = (
				CF1141621D37C8C500996BE0 /* XCODE10TestTests.swift */,
				CF1141641D37C8C500996BE0 /* Info.plist */,
			);
			path = XCODE10TestTests;
			sourceTree = "<group>";
		};
/* End PBXGroup section */

/* Begin PBXNativeTarget section */
		CF1141491D37C8C500996BE0 /* XCODE10Test */ = {
			isa = PBXNativeTarget;
			buildConfigurationList = CF1141671D37C8C500996BE0 /* Build configuration list for PBXNativeTarget "XCODE10Test" */;
			buildPhases = (
				CF1141461D37C8C500996BE0 /* Sources */,
				CF1141471D37C8C500996BE0 /* Frameworks */,
				CF1141481D37C8C500996BE0 /* Resources */,
			);
			buildRules = (
			);
			dependencies = (
			);
			name = XCODE10Test;
			productName = XCODE10Test;
			productReference = CF11414A1D37C8C500996BE0 /* XCODE10Test.app */;
			productType = "com.apple.product-type.application";
		};
		CF11415D1D37C8C500996BE0 /* XCODE10TestTests */ = {
			isa = PBXNativeTarget;
			buildConfigurationList = CF11416A1D37C8C500996BE0 /* Build configuration list for PBXNativeTarget "XCODE10TestTests" */;
			buildPhases = (
				CF11415A1D37C8C500996BE0 /* Sources */,
				CF11415B1D37C8C500996BE0 /* Frameworks */,
				CF11415C1D37C8C500996BE0 /* Resources */,
			);
			buildRules = (
			);
			dependencies = (
				CF1141601D37C8C500996BE0 /* PBXTargetDependency */,
			);
			name = XCODE10TestTests;
			productName = XCODE10TestTests;
			productReference = CF11415E1D37C8C500996BE0 /* XCODE10TestTests.xctest */;
			productType = "com.apple.product-type.bundle.unit-test";
		};
/* End PBXNativeTarget section */

/* Begin PBXProject section */
		CF1141421D37C8C500996BE0 /* Project object */ = {
			isa = PBXProject;
			attributes = {
				LastSwiftUpdateCheck = 0800;
				LastUpgradeCheck = 0800;
				ORGANIZATIONNAME = Sky;
				TargetAttributes = {
					CF1141491D37C8C500996BE0 = {
						CreatedOnToolsVersion = 8.0;
						DevelopmentTeam = X8ZDR3583F;
						DevelopmentTeamName = "Samuel Simpson";
						ProvisioningStyle = Automatic;
					};
					CF11415D1D37C8C500996BE0 = {
						CreatedOnToolsVersion = 8.0;
						DevelopmentTeam = X8ZDR3583F;
						DevelopmentTeamName = "Samuel Simpson";
						ProvisioningStyle = Automatic;
						TestTargetID = CF1141491D37C8C500996BE0;
					};
				};
			};
			buildConfigurationList = CF1141451D37C8C500996BE0 /* Build configuration list for PBXProject "XCODE10Test" */;
			compatibilityVersion = "Xcode 3.2";
			developmentRegion = English;
			hasScannedForEncodings = 0;
			knownRegions = (
				en,
				Base,
			);
			mainGroup = CF1141411D37C8C500996BE0;
			productRefGroup = CF11414B1D37C8C500996BE0 /* Products */;
			projectDirPath = "";
			projectRoot = "";
			targets = (
				CF1141491D37C8C500996BE0 /* XCODE10Test */,
				CF11415D1D37C8C500996BE0 /* XCODE10TestTests */,
			);
		};
/* End PBXProject section */

/* Begin PBXResourcesBuildPhase section */
		CF1141481D37C8C500996BE0 /* Resources */ = {
			isa = PBXResourcesBuildPhase;
			buildActionMask = 2147483647;
			files = (
				CF1141581D37C8C500996BE0 /* LaunchScreen.storyboard in Resources */,
				CF1141551D37C8C500996BE0 /* Assets.xcassets in Resources */,
				CF1141881D37E6A600996BE0 /* London Locations in Resources */,
				CF1141531D37C8C500996BE0 /* Main.storyboard in Resources */,
			);
			runOnlyForDeploymentPostprocessing = 0;
		};
		CF11415C1D37C8C500996BE0 /* Resources */ = {
			isa = PBXResourcesBuildPhase;
			buildActionMask = 2147483647;
			files = (
			);
			runOnlyForDeploymentPostprocessing = 0;
		};
/* End PBXResourcesBuildPhase section */

/* Begin PBXSourcesBuildPhase section */
		CF1141461D37C8C500996BE0 /* Sources */ = {
			isa = PBXSourcesBuildPhase;
			buildActionMask = 2147483647;
			files = (
				CF1141501D37C8C500996BE0 /* ViewController.swift in Sources */,
				CF11414E1D37C8C500996BE0 /* AppDelegate.swift in Sources */,
			);
			runOnlyForDeploymentPostprocessing = 0;
		};
		CF11415A1D37C8C500996BE0 /* Sources */ = {
			isa = PBXSourcesBuildPhase;
			buildActionMask = 2147483647;
			files = (
				CF1141631D37C8C500996BE0 /* XCODE10TestTests.swift in Sources */,
			);
			runOnlyForDeploymentPostprocessing = 0;
		};
/* End PBXSourcesBuildPhase section */

/* Begin PBXTargetDependency section */
		CF1141601D37C8C500996BE0 /* PBXTargetDependency */ = {
			isa = PBXTargetDependency;
			target = CF1141491D37C8C500996BE0 /* XCODE10Test */;
			targetProxy = CF11415F1D37C8C500996BE0 /* PBXContainerItemProxy */;
		};
/* End PBXTargetDependency section */

/* Begin PBXVariantGroup section */
		CF1141511D37C8C500996BE0 /* Main.storyboard */ = {
			isa = PBXVariantGroup;
			children = (
				CF1141521D37C8C500996BE0 /* Base */,
			);
			name = Main.storyboard;
			sourceTree = "<group>";
		};
		CF1141561D37C8C500996BE0 /* LaunchScreen.storyboard */ = {
			isa = PBXVariantGroup;
			children = (
				CF1141571D37C8C500996BE0 /* Base */,
			);
			name = LaunchScreen.storyboard;
			sourceTree = "<group>";
		};
/* End PBXVariantGroup section */

/* Begin XCBuildConfiguration section */
		CF1141651D37C8C500996BE0 /* Debug */ = {
			isa = XCBuildConfiguration;
			buildSettings = {
				ALWAYS_SEARCH_USER_PATHS = NO;
				CLANG_ANALYZER_NONNULL = YES;
				CLANG_CXX_LANGUAGE_STANDARD = "gnu++0x";
				CLANG_CXX_LIBRARY = "libc++";
				CLANG_ENABLE_MODULES = YES;
				CLANG_ENABLE_OBJC_ARC = YES;
				CLANG_WARN_BOOL_CONVERSION = YES;
				CLANG_WARN_CONSTANT_CONVERSION = YES;
				CLANG_WARN_DIRECT_OBJC_ISA_USAGE = YES_ERROR;
				CLANG_WARN_DOCUMENTATION_COMMENTS = YES;
				CLANG_WARN_EMPTY_BODY = YES;
				CLANG_WARN_ENUM_CONVERSION = YES;
				CLANG_WARN_INT_CONVERSION = YES;
				CLANG_WARN_OBJC_ROOT_CLASS = YES_ERROR;
				CLANG_WARN_UNREACHABLE_CODE = YES;
				CLANG_WARN__DUPLICATE_METHOD_MATCH = YES;
				"CODE_SIGN_IDENTITY[sdk=iphoneos*]" = "iPhone Developer";
				COPY_PHASE_STRIP = NO;
				DEBUG_INFORMATION_FORMAT = dwarf;
				ENABLE_STRICT_OBJC_MSGSEND = YES;
				ENABLE_TESTABILITY = YES;
				GCC_C_LANGUAGE_STANDARD = gnu99;
				GCC_DYNAMIC_NO_PIC = NO;
				GCC_NO_COMMON_BLOCKS = YES;
				GCC_OPTIMIZATION_LEVEL = 0;
				GCC_PREPROCESSOR_DEFINITIONS = (
					"DEBUG=1",
					"$(inherited)",
				);
				GCC_WARN_64_TO_32_BIT_CONVERSION = YES;
				GCC_WARN_ABOUT_RETURN_TYPE = YES_ERROR;
				GCC_WARN_UNDECLARED_SELECTOR = YES;
				GCC_WARN_UNINITIALIZED_AUTOS = YES_AGGRESSIVE;
				GCC_WARN_UNUSED_FUNCTION = YES;
				GCC_WARN_UNUSED_VARIABLE = YES;
				IPHONEOS_DEPLOYMENT_TARGET = 10.0;
				MTL_ENABLE_DEBUG_INFO = YES;
				ONLY_ACTIVE_ARCH = YES;
				SDKROOT = iphoneos;
				SWIFT_ACTIVE_COMPILATION_CONDITIONS = DEBUG;
				SWIFT_OPTIMIZATION_LEVEL = "-Onone";
				TARGETED_DEVICE_FAMILY = "1,2";
			};
			name = Debug;
		};
		CF1141661D37C8C500996BE0 /* Release */ = {
			isa = XCBuildConfiguration;
			buildSettings = {
				ALWAYS_SEARCH_USER_PATHS = NO;
				CLANG_ANALYZER_NONNULL = YES;
				CLANG_CXX_LANGUAGE_STANDARD = "gnu++0x";
				CLANG_CXX_LIBRARY = "libc++";
				CLANG_ENABLE_MODULES = YES;
				CLANG_ENABLE_OBJC_ARC = YES;
				CLANG_WARN_BOOL_CONVERSION = YES;
				CLANG_WARN_CONSTANT_CONVERSION = YES;
				CLANG_WARN_DIRECT_OBJC_ISA_USAGE = YES_ERROR;
				CLANG_WARN_DOCUMENTATION_COMMENTS = YES;
				CLANG_WARN_EMPTY_BODY = YES;
				CLANG_WARN_ENUM_CONVERSION = YES;
				CLANG_WARN_INT_CONVERSION = YES;
				CLANG_WARN_OBJC_ROOT_CLASS = YES_ERROR;
				CLANG_WARN_UNREACHABLE_CODE = YES;
				CLANG_WARN__DUPLICATE_METHOD_MATCH = YES;
				"CODE_SIGN_IDENTITY[sdk=iphoneos*]" = "iPhone Developer";
				COPY_PHASE_STRIP = NO;
				DEBUG_INFORMATION_FORMAT = "dwarf-with-dsym";
				ENABLE_NS_ASSERTIONS = NO;
				ENABLE_STRICT_OBJC_MSGSEND = YES;
				GCC_C_LANGUAGE_STANDARD = gnu99;
				GCC_NO_COMMON_BLOCKS = YES;
				GCC_WARN_64_TO_32_BIT_CONVERSION = YES;
				GCC_WARN_ABOUT_RETURN_TYPE = YES_ERROR;
				GCC_WARN_UNDECLARED_SELECTOR = YES;
				GCC_WARN_UNINITIALIZED_AUTOS = YES_AGGRESSIVE;
				GCC_WARN_UNUSED_FUNCTION = YES;
				GCC_WARN_UNUSED_VARIABLE = YES;
				IPHONEOS_DEPLOYMENT_TARGET = 10.0;
				MTL_ENABLE_DEBUG_INFO = NO;
				SDKROOT = iphoneos;
				SWIFT_OPTIMIZATION_LEVEL = "-Owholemodule";
				TARGETED_DEVICE_FAMILY = "1,2";
				VALIDATE_PRODUCT = YES;
			};
			name = Release;
		};
		CF1141681D37C8C500996BE0 /* Debug */ = {
			isa = XCBuildConfiguration;
			buildSettings = {
				ASSETCATALOG_COMPILER_APPICON_NAME = AppIcon;
				INFOPLIST_FILE = XCODE10Test/Info.plist;
				LD_RUNPATH_SEARCH_PATHS = "$(inherited) @executable_path/Frameworks";
				PRODUCT_BUNDLE_IDENTIFIER = com.kemalenver.XCODE10Test;
				PRODUCT_NAME = "$(TARGET_NAME)";
				SWIFT_VERSION = 3.0;
			};
			name = Debug;
		};
		CF1141691D37C8C500996BE0 /* Release */ = {
			isa = XCBuildConfiguration;
			buildSettings = {
				ASSETCATALOG_COMPILER_APPICON_NAME = AppIcon;
				INFOPLIST_FILE = XCODE10Test/Info.plist;
				LD_RUNPATH_SEARCH_PATHS = "$(inherited) @executable_path/Frameworks";
				PRODUCT_BUNDLE_IDENTIFIER = com.kemalenver.XCODE10Test;
				PRODUCT_NAME = "$(TARGET_NAME)";
				SWIFT_VERSION = 3.0;
			};
			name = Release;
		};
		CF11416B1D37C8C500996BE0 /* Debug */ = {
			isa = XCBuildConfiguration;
			buildSettings = {
				BUNDLE_LOADER = "$(TEST_HOST)";
				INFOPLIST_FILE = XCODE10TestTests/Info.plist;
				LD_RUNPATH_SEARCH_PATHS = "$(inherited) @executable_path/Frameworks @loader_path/Frameworks";
				PRODUCT_BUNDLE_IDENTIFIER = com.kemalenver.XCODE10TestTests;
				PRODUCT_NAME = "$(TARGET_NAME)";
				SWIFT_VERSION = 3.0;
				TEST_HOST = "$(BUILT_PRODUCTS_DIR)/XCODE10Test.app/XCODE10Test";
			};
			name = Debug;
		};
		CF11416C1D37C8C500996BE0 /* Release */ = {
			isa = XCBuildConfiguration;
			buildSettings = {
				BUNDLE_LOADER = "$(TEST_HOST)";
				INFOPLIST_FILE = XCODE10TestTests/Info.plist;
				LD_RUNPATH_SEARCH_PATHS = "$(inherited) @executable_path/Frameworks @loader_path/Frameworks";
				PRODUCT_BUNDLE_IDENTIFIER = com.kemalenver.XCODE10TestTests;
				PRODUCT_NAME = "$(TARGET_NAME)";
				SWIFT_VERSION = 3.0;
				TEST_HOST = "$(BUILT_PRODUCTS_DIR)/XCODE10Test.app/XCODE10Test";
			};
			name = Release;
		};
/* End XCBuildConfiguration section */

/* Begin XCConfigurationList section */
		CF1141451D37C8C500996BE0 /* Build configuration list for PBXProject "XCODE10Test" */ = {
			isa = XCConfigurationList;
			buildConfigurations = (
				CF1141651D37C8C500996BE0 /* Debug */,
				CF1141661D37C8C500996BE0 /* Release */,
			);
			defaultConfigurationIsVisible = 0;
			defaultConfigurationName = Release;
		};
		CF1141671D37C8C500996BE0 /* Build configuration list for PBXNativeTarget "XCODE10Test" */ = {
			isa = XCConfigurationList;
			buildConfigurations = (
				CF1141681D37C8C500996BE0 /* Debug */,
				CF1141691D37C8C500996BE0 /* Release */,
			);
			defaultConfigurationIsVisible = 0;
		};
		CF11416A1D37C8C500996BE0 /* Build configuration list for PBXNativeTarget "XCODE10TestTests" */ = {
			isa = XCConfigurationList;
			buildConfigurations = (
				CF11416B1D37C8C500996BE0 /* Debug */,
				CF11416C1D37C8C500996BE0 /* Release */,
			);
			defaultConfigurationIsVisible = 0;
		};
/* End XCConfigurationList section */
	};
	rootObject = CF1141421D37C8C500996BE0 /* Project object */;
}
